
Microsoft Visual Studio Solution File, Format Version 12.00
# Visual Studio Version 16
VisualStudioVersion = 16.0.30523.141
MinimumVisualStudioVersion = 10.0.40219.1
Project("{FAE04EC0-301F-11D3-BF4B-00C04F79EFBC}") = "Oefening 8", "Oefening 8\Oefening 8.csproj", "{17B5BBCC-DE9C-4049-9E03-F342EC37A29D}"
EndProject
Global
	GlobalSection(SolutionConfigurationPlatforms) = preSolution
		Debug|Any CPU = Debug|Any CPU
		Release|Any CPU = Release|Any CPU
	EndGlobalSection
	GlobalSection(ProjectConfigurationPlatforms) = postSolution
		{17B5BBCC-DE9C-4049-9E03-F342EC37A29D}.Debug|Any CPU.ActiveCfg = Debug|Any CPU
		{17B5BBCC-DE9C-4049-9E03-F342EC37A29D}.Debug|Any CPU.Build.0 = Debug|Any CPU
		{17B5BBCC-DE9C-4049-9E03-F342EC37A29D}.Release|Any CPU.ActiveCfg = Release|Any CPU
		{17B5BBCC-DE9C-4049-9E03-F342EC37A29D}.Release|Any CPU.Build.0 = Release|Any CPU
	EndGlobalSection
	GlobalSection(SolutionProperties) = preSolution
		HideSolutionNode = FALSE
	EndGlobalSection
	GlobalSection(ExtensibilityGlobals) = postSolution
		SolutionGuid = {5A5546E9-3165-4864-B17C-0438E9681411}
	EndGlobalSection
EndGlobal
