
Microsoft Visual Studio Solution File, Format Version 12.00
# Visual Studio Version 16
VisualStudioVersion = 16.0.30804.86
MinimumVisualStudioVersion = 10.0.40219.1
Project("{FAE04EC0-301F-11D3-BF4B-00C04F79EFBC}") = "Oefening 2", "Oefening 2\Oefening 2.csproj", "{87167C10-0D0F-4E2A-8D2B-2568D033EE8E}"
EndProject
Global
	GlobalSection(SolutionConfigurationPlatforms) = preSolution
		Debug|Any CPU = Debug|Any CPU
		Release|Any CPU = Release|Any CPU
	EndGlobalSection
	GlobalSection(ProjectConfigurationPlatforms) = postSolution
		{87167C10-0D0F-4E2A-8D2B-2568D033EE8E}.Debug|Any CPU.ActiveCfg = Debug|Any CPU
		{87167C10-0D0F-4E2A-8D2B-2568D033EE8E}.Debug|Any CPU.Build.0 = Debug|Any CPU
		{87167C10-0D0F-4E2A-8D2B-2568D033EE8E}.Release|Any CPU.ActiveCfg = Release|Any CPU
		{87167C10-0D0F-4E2A-8D2B-2568D033EE8E}.Release|Any CPU.Build.0 = Release|Any CPU
	EndGlobalSection
	GlobalSection(SolutionProperties) = preSolution
		HideSolutionNode = FALSE
	EndGlobalSection
	GlobalSection(ExtensibilityGlobals) = postSolution
		SolutionGuid = {AD8DC58B-E323-401C-A123-B202C130D899}
	EndGlobalSection
EndGlobal
