
Microsoft Visual Studio Solution File, Format Version 12.00
# Visual Studio Version 16
VisualStudioVersion = 16.0.30523.141
MinimumVisualStudioVersion = 10.0.40219.1
Project("{FAE04EC0-301F-11D3-BF4B-00C04F79EFBC}") = "WpfApp1", "WpfApp1\WpfApp1.csproj", "{85249BAB-2B3C-45D7-B429-F8F4975F114A}"
EndProject
Global
	GlobalSection(SolutionConfigurationPlatforms) = preSolution
		Debug|Any CPU = Debug|Any CPU
		Release|Any CPU = Release|Any CPU
	EndGlobalSection
	GlobalSection(ProjectConfigurationPlatforms) = postSolution
		{85249BAB-2B3C-45D7-B429-F8F4975F114A}.Debug|Any CPU.ActiveCfg = Debug|Any CPU
		{85249BAB-2B3C-45D7-B429-F8F4975F114A}.Debug|Any CPU.Build.0 = Debug|Any CPU
		{85249BAB-2B3C-45D7-B429-F8F4975F114A}.Release|Any CPU.ActiveCfg = Release|Any CPU
		{85249BAB-2B3C-45D7-B429-F8F4975F114A}.Release|Any CPU.Build.0 = Release|Any CPU
	EndGlobalSection
	GlobalSection(SolutionProperties) = preSolution
		HideSolutionNode = FALSE
	EndGlobalSection
	GlobalSection(ExtensibilityGlobals) = postSolution
		SolutionGuid = {00D3C29F-6C41-47B9-88CC-707928498F86}
	EndGlobalSection
EndGlobal
