
Microsoft Visual Studio Solution File, Format Version 12.00
# Visual Studio Version 16
VisualStudioVersion = 16.0.30523.141
MinimumVisualStudioVersion = 10.0.40219.1
Project("{FAE04EC0-301F-11D3-BF4B-00C04F79EFBC}") = "Oefening 10", "Oefening 10\Oefening 10.csproj", "{F18A29EB-253E-46A6-B515-62AECF1CB302}"
EndProject
Global
	GlobalSection(SolutionConfigurationPlatforms) = preSolution
		Debug|Any CPU = Debug|Any CPU
		Release|Any CPU = Release|Any CPU
	EndGlobalSection
	GlobalSection(ProjectConfigurationPlatforms) = postSolution
		{F18A29EB-253E-46A6-B515-62AECF1CB302}.Debug|Any CPU.ActiveCfg = Debug|Any CPU
		{F18A29EB-253E-46A6-B515-62AECF1CB302}.Debug|Any CPU.Build.0 = Debug|Any CPU
		{F18A29EB-253E-46A6-B515-62AECF1CB302}.Release|Any CPU.ActiveCfg = Release|Any CPU
		{F18A29EB-253E-46A6-B515-62AECF1CB302}.Release|Any CPU.Build.0 = Release|Any CPU
	EndGlobalSection
	GlobalSection(SolutionProperties) = preSolution
		HideSolutionNode = FALSE
	EndGlobalSection
	GlobalSection(ExtensibilityGlobals) = postSolution
		SolutionGuid = {E7CF748C-DAD5-43E0-8477-A485A101DB16}
	EndGlobalSection
EndGlobal
