
Microsoft Visual Studio Solution File, Format Version 12.00
# Visual Studio Version 16
VisualStudioVersion = 16.0.30523.141
MinimumVisualStudioVersion = 10.0.40219.1
Project("{FAE04EC0-301F-11D3-BF4B-00C04F79EFBC}") = "Oefening 4", "Oefening 4\Oefening 4.csproj", "{40DBA4A0-764E-4264-97BA-3FEDCF10D0C6}"
EndProject
Global
	GlobalSection(SolutionConfigurationPlatforms) = preSolution
		Debug|Any CPU = Debug|Any CPU
		Release|Any CPU = Release|Any CPU
	EndGlobalSection
	GlobalSection(ProjectConfigurationPlatforms) = postSolution
		{40DBA4A0-764E-4264-97BA-3FEDCF10D0C6}.Debug|Any CPU.ActiveCfg = Debug|Any CPU
		{40DBA4A0-764E-4264-97BA-3FEDCF10D0C6}.Debug|Any CPU.Build.0 = Debug|Any CPU
		{40DBA4A0-764E-4264-97BA-3FEDCF10D0C6}.Release|Any CPU.ActiveCfg = Release|Any CPU
		{40DBA4A0-764E-4264-97BA-3FEDCF10D0C6}.Release|Any CPU.Build.0 = Release|Any CPU
	EndGlobalSection
	GlobalSection(SolutionProperties) = preSolution
		HideSolutionNode = FALSE
	EndGlobalSection
	GlobalSection(ExtensibilityGlobals) = postSolution
		SolutionGuid = {523E9D07-4631-4ED3-82DB-E44DE719F6A7}
	EndGlobalSection
EndGlobal
