
Microsoft Visual Studio Solution File, Format Version 12.00
# Visual Studio Version 16
VisualStudioVersion = 16.0.31005.135
MinimumVisualStudioVersion = 10.0.40219.1
Project("{FAE04EC0-301F-11D3-BF4B-00C04F79EFBC}") = "Oefening 4 Zonnepanelen", "Oefening 4 Zonnepanelen\Oefening 4 Zonnepanelen.csproj", "{4EAC3EE6-62E4-4626-8E68-3D5B506794E9}"
EndProject
Global
	GlobalSection(SolutionConfigurationPlatforms) = preSolution
		Debug|Any CPU = Debug|Any CPU
		Release|Any CPU = Release|Any CPU
	EndGlobalSection
	GlobalSection(ProjectConfigurationPlatforms) = postSolution
		{4EAC3EE6-62E4-4626-8E68-3D5B506794E9}.Debug|Any CPU.ActiveCfg = Debug|Any CPU
		{4EAC3EE6-62E4-4626-8E68-3D5B506794E9}.Debug|Any CPU.Build.0 = Debug|Any CPU
		{4EAC3EE6-62E4-4626-8E68-3D5B506794E9}.Release|Any CPU.ActiveCfg = Release|Any CPU
		{4EAC3EE6-62E4-4626-8E68-3D5B506794E9}.Release|Any CPU.Build.0 = Release|Any CPU
	EndGlobalSection
	GlobalSection(SolutionProperties) = preSolution
		HideSolutionNode = FALSE
	EndGlobalSection
	GlobalSection(ExtensibilityGlobals) = postSolution
		SolutionGuid = {A977D860-28B2-45CE-AF9D-3D1CCD215D0B}
	EndGlobalSection
EndGlobal
