
Microsoft Visual Studio Solution File, Format Version 12.00
# Visual Studio Version 16
VisualStudioVersion = 16.0.31105.61
MinimumVisualStudioVersion = 10.0.40219.1
Project("{FAE04EC0-301F-11D3-BF4B-00C04F79EFBC}") = "Klasse SportkampLeden", "Klasse SportkampLeden\Klasse SportkampLeden.csproj", "{D98696AA-8B0C-4745-A24F-52FDCE6CA493}"
EndProject
Global
	GlobalSection(SolutionConfigurationPlatforms) = preSolution
		Debug|Any CPU = Debug|Any CPU
		Release|Any CPU = Release|Any CPU
	EndGlobalSection
	GlobalSection(ProjectConfigurationPlatforms) = postSolution
		{D98696AA-8B0C-4745-A24F-52FDCE6CA493}.Debug|Any CPU.ActiveCfg = Debug|Any CPU
		{D98696AA-8B0C-4745-A24F-52FDCE6CA493}.Debug|Any CPU.Build.0 = Debug|Any CPU
		{D98696AA-8B0C-4745-A24F-52FDCE6CA493}.Release|Any CPU.ActiveCfg = Release|Any CPU
		{D98696AA-8B0C-4745-A24F-52FDCE6CA493}.Release|Any CPU.Build.0 = Release|Any CPU
	EndGlobalSection
	GlobalSection(SolutionProperties) = preSolution
		HideSolutionNode = FALSE
	EndGlobalSection
	GlobalSection(ExtensibilityGlobals) = postSolution
		SolutionGuid = {5B1DDE2A-C397-4863-B337-2A789930FD8B}
	EndGlobalSection
EndGlobal
