
Microsoft Visual Studio Solution File, Format Version 12.00
# Visual Studio Version 16
VisualStudioVersion = 16.0.30907.101
MinimumVisualStudioVersion = 10.0.40219.1
Project("{FAE04EC0-301F-11D3-BF4B-00C04F79EFBC}") = "Oefening 25 Interest", "Oefening 25 Interest\Oefening 25 Interest.csproj", "{D10920C6-8F2D-46C9-90BC-4423D717493C}"
EndProject
Global
	GlobalSection(SolutionConfigurationPlatforms) = preSolution
		Debug|Any CPU = Debug|Any CPU
		Release|Any CPU = Release|Any CPU
	EndGlobalSection
	GlobalSection(ProjectConfigurationPlatforms) = postSolution
		{D10920C6-8F2D-46C9-90BC-4423D717493C}.Debug|Any CPU.ActiveCfg = Debug|Any CPU
		{D10920C6-8F2D-46C9-90BC-4423D717493C}.Debug|Any CPU.Build.0 = Debug|Any CPU
		{D10920C6-8F2D-46C9-90BC-4423D717493C}.Release|Any CPU.ActiveCfg = Release|Any CPU
		{D10920C6-8F2D-46C9-90BC-4423D717493C}.Release|Any CPU.Build.0 = Release|Any CPU
	EndGlobalSection
	GlobalSection(SolutionProperties) = preSolution
		HideSolutionNode = FALSE
	EndGlobalSection
	GlobalSection(ExtensibilityGlobals) = postSolution
		SolutionGuid = {311D512F-6254-4417-B0CA-F0368FEC935F}
	EndGlobalSection
EndGlobal
