
Microsoft Visual Studio Solution File, Format Version 12.00
# Visual Studio Version 16
VisualStudioVersion = 16.0.30523.141
MinimumVisualStudioVersion = 10.0.40219.1
Project("{FAE04EC0-301F-11D3-BF4B-00C04F79EFBC}") = "Oefening 1", "Oefening 1\Oefening 1.csproj", "{237FE02B-020E-477F-A31B-136D6051B27B}"
EndProject
Global
	GlobalSection(SolutionConfigurationPlatforms) = preSolution
		Debug|Any CPU = Debug|Any CPU
		Release|Any CPU = Release|Any CPU
	EndGlobalSection
	GlobalSection(ProjectConfigurationPlatforms) = postSolution
		{237FE02B-020E-477F-A31B-136D6051B27B}.Debug|Any CPU.ActiveCfg = Debug|Any CPU
		{237FE02B-020E-477F-A31B-136D6051B27B}.Debug|Any CPU.Build.0 = Debug|Any CPU
		{237FE02B-020E-477F-A31B-136D6051B27B}.Release|Any CPU.ActiveCfg = Release|Any CPU
		{237FE02B-020E-477F-A31B-136D6051B27B}.Release|Any CPU.Build.0 = Release|Any CPU
	EndGlobalSection
	GlobalSection(SolutionProperties) = preSolution
		HideSolutionNode = FALSE
	EndGlobalSection
	GlobalSection(ExtensibilityGlobals) = postSolution
		SolutionGuid = {DF8E2E0B-88DC-461D-9A4F-677BC84CF7F5}
	EndGlobalSection
EndGlobal
