
Microsoft Visual Studio Solution File, Format Version 12.00
# Visual Studio Version 16
VisualStudioVersion = 16.0.30611.23
MinimumVisualStudioVersion = 10.0.40219.1
Project("{FAE04EC0-301F-11D3-BF4B-00C04F79EFBC}") = "mish", "mish\mish.csproj", "{F5E0DD25-473E-4B18-A474-9ED010247177}"
EndProject
Global
	GlobalSection(SolutionConfigurationPlatforms) = preSolution
		Debug|Any CPU = Debug|Any CPU
		Release|Any CPU = Release|Any CPU
	EndGlobalSection
	GlobalSection(ProjectConfigurationPlatforms) = postSolution
		{F5E0DD25-473E-4B18-A474-9ED010247177}.Debug|Any CPU.ActiveCfg = Debug|Any CPU
		{F5E0DD25-473E-4B18-A474-9ED010247177}.Debug|Any CPU.Build.0 = Debug|Any CPU
		{F5E0DD25-473E-4B18-A474-9ED010247177}.Release|Any CPU.ActiveCfg = Release|Any CPU
		{F5E0DD25-473E-4B18-A474-9ED010247177}.Release|Any CPU.Build.0 = Release|Any CPU
	EndGlobalSection
	GlobalSection(SolutionProperties) = preSolution
		HideSolutionNode = FALSE
	EndGlobalSection
	GlobalSection(ExtensibilityGlobals) = postSolution
		SolutionGuid = {69973C6E-6B9B-432D-AA70-899F27BC8AFE}
	EndGlobalSection
EndGlobal
