
Microsoft Visual Studio Solution File, Format Version 12.00
# Visual Studio Version 16
VisualStudioVersion = 16.0.31105.61
MinimumVisualStudioVersion = 10.0.40219.1
Project("{FAE04EC0-301F-11D3-BF4B-00C04F79EFBC}") = "ClassesPersoneel", "ClassesPersoneel\ClassesPersoneel.csproj", "{6C692376-06F1-4855-85A0-DFB1639EF09D}"
EndProject
Global
	GlobalSection(SolutionConfigurationPlatforms) = preSolution
		Debug|Any CPU = Debug|Any CPU
		Release|Any CPU = Release|Any CPU
	EndGlobalSection
	GlobalSection(ProjectConfigurationPlatforms) = postSolution
		{6C692376-06F1-4855-85A0-DFB1639EF09D}.Debug|Any CPU.ActiveCfg = Debug|Any CPU
		{6C692376-06F1-4855-85A0-DFB1639EF09D}.Debug|Any CPU.Build.0 = Debug|Any CPU
		{6C692376-06F1-4855-85A0-DFB1639EF09D}.Release|Any CPU.ActiveCfg = Release|Any CPU
		{6C692376-06F1-4855-85A0-DFB1639EF09D}.Release|Any CPU.Build.0 = Release|Any CPU
	EndGlobalSection
	GlobalSection(SolutionProperties) = preSolution
		HideSolutionNode = FALSE
	EndGlobalSection
	GlobalSection(ExtensibilityGlobals) = postSolution
		SolutionGuid = {D663F879-035D-42A2-9174-0A2DD798D55A}
	EndGlobalSection
EndGlobal
