
Microsoft Visual Studio Solution File, Format Version 12.00
# Visual Studio Version 16
VisualStudioVersion = 16.0.30804.86
MinimumVisualStudioVersion = 10.0.40219.1
Project("{FAE04EC0-301F-11D3-BF4B-00C04F79EFBC}") = "ComboBox", "ComboBox\ComboBox.csproj", "{E3C6679B-25A7-4821-BE8B-308AB0A9176E}"
EndProject
Global
	GlobalSection(SolutionConfigurationPlatforms) = preSolution
		Debug|Any CPU = Debug|Any CPU
		Release|Any CPU = Release|Any CPU
	EndGlobalSection
	GlobalSection(ProjectConfigurationPlatforms) = postSolution
		{E3C6679B-25A7-4821-BE8B-308AB0A9176E}.Debug|Any CPU.ActiveCfg = Debug|Any CPU
		{E3C6679B-25A7-4821-BE8B-308AB0A9176E}.Debug|Any CPU.Build.0 = Debug|Any CPU
		{E3C6679B-25A7-4821-BE8B-308AB0A9176E}.Release|Any CPU.ActiveCfg = Release|Any CPU
		{E3C6679B-25A7-4821-BE8B-308AB0A9176E}.Release|Any CPU.Build.0 = Release|Any CPU
	EndGlobalSection
	GlobalSection(SolutionProperties) = preSolution
		HideSolutionNode = FALSE
	EndGlobalSection
	GlobalSection(ExtensibilityGlobals) = postSolution
		SolutionGuid = {79E7E140-E174-4660-B178-1D83A1E166CE}
	EndGlobalSection
EndGlobal
