
Microsoft Visual Studio Solution File, Format Version 12.00
# Visual Studio Version 16
VisualStudioVersion = 16.0.30523.141
MinimumVisualStudioVersion = 10.0.40219.1
Project("{FAE04EC0-301F-11D3-BF4B-00C04F79EFBC}") = "Oefening Selectie 4", "Oefening Selectie 4\Oefening Selectie 4.csproj", "{034396AB-F1FE-4C25-BC46-70D2FBD56E29}"
EndProject
Global
	GlobalSection(SolutionConfigurationPlatforms) = preSolution
		Debug|Any CPU = Debug|Any CPU
		Release|Any CPU = Release|Any CPU
	EndGlobalSection
	GlobalSection(ProjectConfigurationPlatforms) = postSolution
		{034396AB-F1FE-4C25-BC46-70D2FBD56E29}.Debug|Any CPU.ActiveCfg = Debug|Any CPU
		{034396AB-F1FE-4C25-BC46-70D2FBD56E29}.Debug|Any CPU.Build.0 = Debug|Any CPU
		{034396AB-F1FE-4C25-BC46-70D2FBD56E29}.Release|Any CPU.ActiveCfg = Release|Any CPU
		{034396AB-F1FE-4C25-BC46-70D2FBD56E29}.Release|Any CPU.Build.0 = Release|Any CPU
	EndGlobalSection
	GlobalSection(SolutionProperties) = preSolution
		HideSolutionNode = FALSE
	EndGlobalSection
	GlobalSection(ExtensibilityGlobals) = postSolution
		SolutionGuid = {1AD731BB-727F-4182-AF97-4C2D5EB0039E}
	EndGlobalSection
EndGlobal
