
Microsoft Visual Studio Solution File, Format Version 12.00
# Visual Studio Version 16
VisualStudioVersion = 16.0.30611.23
MinimumVisualStudioVersion = 10.0.40219.1
Project("{FAE04EC0-301F-11D3-BF4B-00C04F79EFBC}") = "oef1", "oef1\oef1.csproj", "{DBBF09A2-7642-41AF-93B1-16A3A501795D}"
EndProject
Global
	GlobalSection(SolutionConfigurationPlatforms) = preSolution
		Debug|Any CPU = Debug|Any CPU
		Release|Any CPU = Release|Any CPU
	EndGlobalSection
	GlobalSection(ProjectConfigurationPlatforms) = postSolution
		{DBBF09A2-7642-41AF-93B1-16A3A501795D}.Debug|Any CPU.ActiveCfg = Debug|Any CPU
		{DBBF09A2-7642-41AF-93B1-16A3A501795D}.Debug|Any CPU.Build.0 = Debug|Any CPU
		{DBBF09A2-7642-41AF-93B1-16A3A501795D}.Release|Any CPU.ActiveCfg = Release|Any CPU
		{DBBF09A2-7642-41AF-93B1-16A3A501795D}.Release|Any CPU.Build.0 = Release|Any CPU
	EndGlobalSection
	GlobalSection(SolutionProperties) = preSolution
		HideSolutionNode = FALSE
	EndGlobalSection
	GlobalSection(ExtensibilityGlobals) = postSolution
		SolutionGuid = {A7AAAE29-223F-43CA-9E26-27BF4ADACB48}
	EndGlobalSection
EndGlobal
