
Microsoft Visual Studio Solution File, Format Version 12.00
# Visual Studio Version 16
VisualStudioVersion = 16.0.30907.101
MinimumVisualStudioVersion = 10.0.40219.1
Project("{FAE04EC0-301F-11D3-BF4B-00C04F79EFBC}") = "Oefening 21 PlusMaalTafel", "Oefening 21 PlusMaalTafel\Oefening 21 PlusMaalTafel.csproj", "{1DD5F5EB-5548-447F-ABA6-8912A101EBAA}"
EndProject
Global
	GlobalSection(SolutionConfigurationPlatforms) = preSolution
		Debug|Any CPU = Debug|Any CPU
		Release|Any CPU = Release|Any CPU
	EndGlobalSection
	GlobalSection(ProjectConfigurationPlatforms) = postSolution
		{1DD5F5EB-5548-447F-ABA6-8912A101EBAA}.Debug|Any CPU.ActiveCfg = Debug|Any CPU
		{1DD5F5EB-5548-447F-ABA6-8912A101EBAA}.Debug|Any CPU.Build.0 = Debug|Any CPU
		{1DD5F5EB-5548-447F-ABA6-8912A101EBAA}.Release|Any CPU.ActiveCfg = Release|Any CPU
		{1DD5F5EB-5548-447F-ABA6-8912A101EBAA}.Release|Any CPU.Build.0 = Release|Any CPU
	EndGlobalSection
	GlobalSection(SolutionProperties) = preSolution
		HideSolutionNode = FALSE
	EndGlobalSection
	GlobalSection(ExtensibilityGlobals) = postSolution
		SolutionGuid = {92B3CCAD-FA39-4746-8F7D-13519A4EA23B}
	EndGlobalSection
EndGlobal
