
Microsoft Visual Studio Solution File, Format Version 12.00
# Visual Studio Version 16
VisualStudioVersion = 16.0.30523.141
MinimumVisualStudioVersion = 10.0.40219.1
Project("{FAE04EC0-301F-11D3-BF4B-00C04F79EFBC}") = "Oefening 11", "Oefening 11\Oefening 11.csproj", "{D24CF79C-4509-44F6-B1D4-2DBFF5609CC2}"
EndProject
Global
	GlobalSection(SolutionConfigurationPlatforms) = preSolution
		Debug|Any CPU = Debug|Any CPU
		Release|Any CPU = Release|Any CPU
	EndGlobalSection
	GlobalSection(ProjectConfigurationPlatforms) = postSolution
		{D24CF79C-4509-44F6-B1D4-2DBFF5609CC2}.Debug|Any CPU.ActiveCfg = Debug|Any CPU
		{D24CF79C-4509-44F6-B1D4-2DBFF5609CC2}.Debug|Any CPU.Build.0 = Debug|Any CPU
		{D24CF79C-4509-44F6-B1D4-2DBFF5609CC2}.Release|Any CPU.ActiveCfg = Release|Any CPU
		{D24CF79C-4509-44F6-B1D4-2DBFF5609CC2}.Release|Any CPU.Build.0 = Release|Any CPU
	EndGlobalSection
	GlobalSection(SolutionProperties) = preSolution
		HideSolutionNode = FALSE
	EndGlobalSection
	GlobalSection(ExtensibilityGlobals) = postSolution
		SolutionGuid = {5172438B-2BF4-4BC7-B0CC-C0A5CE7442A8}
	EndGlobalSection
EndGlobal
