
Microsoft Visual Studio Solution File, Format Version 12.00
# Visual Studio Version 16
VisualStudioVersion = 16.0.30128.74
MinimumVisualStudioVersion = 10.0.40219.1
Project("{FAE04EC0-301F-11D3-BF4B-00C04F79EFBC}") = "CS_WPF", "CS_WPF\CS_WPF.csproj", "{D0C5F494-2A37-463C-ACCD-CB14A8A182AA}"
EndProject
Project("{FAE04EC0-301F-11D3-BF4B-00C04F79EFBC}") = "CS_WPF_Example_2", "CS_WPF_Example_2\CS_WPF_Example_2.csproj", "{4E44AC6C-B03A-41AE-805F-30A1BEAC0EF9}"
EndProject
Project("{FAE04EC0-301F-11D3-BF4B-00C04F79EFBC}") = "CS_WPF_Example_3", "CS_WPF_Example_3\CS_WPF_Example_3.csproj", "{B5F6C744-5AF3-4409-82BE-5F16E6723A2C}"
EndProject
Project("{FAE04EC0-301F-11D3-BF4B-00C04F79EFBC}") = "CS_Oefening_05", "CS_Oefening_05\CS_Oefening_05.csproj", "{8A72D9C0-232B-4CFF-9740-92FD4C32A3F0}"
EndProject
Project("{FAE04EC0-301F-11D3-BF4B-00C04F79EFBC}") = "CS_Oefening_06", "CS_Oefening_06\CS_Oefening_06.csproj", "{991C8F8F-125E-456E-9674-2F01420C7333}"
EndProject
Global
	GlobalSection(SolutionConfigurationPlatforms) = preSolution
		Debug|Any CPU = Debug|Any CPU
		Release|Any CPU = Release|Any CPU
	EndGlobalSection
	GlobalSection(ProjectConfigurationPlatforms) = postSolution
		{D0C5F494-2A37-463C-ACCD-CB14A8A182AA}.Debug|Any CPU.ActiveCfg = Debug|Any CPU
		{D0C5F494-2A37-463C-ACCD-CB14A8A182AA}.Debug|Any CPU.Build.0 = Debug|Any CPU
		{D0C5F494-2A37-463C-ACCD-CB14A8A182AA}.Release|Any CPU.ActiveCfg = Release|Any CPU
		{D0C5F494-2A37-463C-ACCD-CB14A8A182AA}.Release|Any CPU.Build.0 = Release|Any CPU
		{4E44AC6C-B03A-41AE-805F-30A1BEAC0EF9}.Debug|Any CPU.ActiveCfg = Debug|Any CPU
		{4E44AC6C-B03A-41AE-805F-30A1BEAC0EF9}.Debug|Any CPU.Build.0 = Debug|Any CPU
		{4E44AC6C-B03A-41AE-805F-30A1BEAC0EF9}.Release|Any CPU.ActiveCfg = Release|Any CPU
		{4E44AC6C-B03A-41AE-805F-30A1BEAC0EF9}.Release|Any CPU.Build.0 = Release|Any CPU
		{B5F6C744-5AF3-4409-82BE-5F16E6723A2C}.Debug|Any CPU.ActiveCfg = Debug|Any CPU
		{B5F6C744-5AF3-4409-82BE-5F16E6723A2C}.Debug|Any CPU.Build.0 = Debug|Any CPU
		{B5F6C744-5AF3-4409-82BE-5F16E6723A2C}.Release|Any CPU.ActiveCfg = Release|Any CPU
		{B5F6C744-5AF3-4409-82BE-5F16E6723A2C}.Release|Any CPU.Build.0 = Release|Any CPU
		{8A72D9C0-232B-4CFF-9740-92FD4C32A3F0}.Debug|Any CPU.ActiveCfg = Debug|Any CPU
		{8A72D9C0-232B-4CFF-9740-92FD4C32A3F0}.Debug|Any CPU.Build.0 = Debug|Any CPU
		{8A72D9C0-232B-4CFF-9740-92FD4C32A3F0}.Release|Any CPU.ActiveCfg = Release|Any CPU
		{8A72D9C0-232B-4CFF-9740-92FD4C32A3F0}.Release|Any CPU.Build.0 = Release|Any CPU
		{991C8F8F-125E-456E-9674-2F01420C7333}.Debug|Any CPU.ActiveCfg = Debug|Any CPU
		{991C8F8F-125E-456E-9674-2F01420C7333}.Debug|Any CPU.Build.0 = Debug|Any CPU
		{991C8F8F-125E-456E-9674-2F01420C7333}.Release|Any CPU.ActiveCfg = Release|Any CPU
		{991C8F8F-125E-456E-9674-2F01420C7333}.Release|Any CPU.Build.0 = Release|Any CPU
	EndGlobalSection
	GlobalSection(SolutionProperties) = preSolution
		HideSolutionNode = FALSE
	EndGlobalSection
	GlobalSection(ExtensibilityGlobals) = postSolution
		SolutionGuid = {3BF8A034-AB8F-44E9-BEC1-1099A94F013F}
	EndGlobalSection
EndGlobal
