
Microsoft Visual Studio Solution File, Format Version 12.00
# Visual Studio Version 16
VisualStudioVersion = 16.0.31129.286
MinimumVisualStudioVersion = 10.0.40219.1
Project("{FAE04EC0-301F-11D3-BF4B-00C04F79EFBC}") = "Taak 1", "Taak 1\Taak 1.csproj", "{4D54F4DF-DC89-45A1-8286-3BB368AA7260}"
EndProject
Global
	GlobalSection(SolutionConfigurationPlatforms) = preSolution
		Debug|Any CPU = Debug|Any CPU
		Release|Any CPU = Release|Any CPU
	EndGlobalSection
	GlobalSection(ProjectConfigurationPlatforms) = postSolution
		{4D54F4DF-DC89-45A1-8286-3BB368AA7260}.Debug|Any CPU.ActiveCfg = Debug|Any CPU
		{4D54F4DF-DC89-45A1-8286-3BB368AA7260}.Debug|Any CPU.Build.0 = Debug|Any CPU
		{4D54F4DF-DC89-45A1-8286-3BB368AA7260}.Release|Any CPU.ActiveCfg = Release|Any CPU
		{4D54F4DF-DC89-45A1-8286-3BB368AA7260}.Release|Any CPU.Build.0 = Release|Any CPU
	EndGlobalSection
	GlobalSection(SolutionProperties) = preSolution
		HideSolutionNode = FALSE
	EndGlobalSection
	GlobalSection(ExtensibilityGlobals) = postSolution
		SolutionGuid = {BF367549-8250-4F50-BE3F-2089D82E2FA1}
	EndGlobalSection
EndGlobal
