
Microsoft Visual Studio Solution File, Format Version 12.00
# Visual Studio Version 16
VisualStudioVersion = 16.0.31005.135
MinimumVisualStudioVersion = 10.0.40219.1
Project("{FAE04EC0-301F-11D3-BF4B-00C04F79EFBC}") = "Tekstbestanden", "Tekstbestanden\Tekstbestanden.csproj", "{FDC3F3C0-0CEA-4CAB-9104-5032C5EB6164}"
EndProject
Global
	GlobalSection(SolutionConfigurationPlatforms) = preSolution
		Debug|Any CPU = Debug|Any CPU
		Release|Any CPU = Release|Any CPU
	EndGlobalSection
	GlobalSection(ProjectConfigurationPlatforms) = postSolution
		{FDC3F3C0-0CEA-4CAB-9104-5032C5EB6164}.Debug|Any CPU.ActiveCfg = Debug|Any CPU
		{FDC3F3C0-0CEA-4CAB-9104-5032C5EB6164}.Debug|Any CPU.Build.0 = Debug|Any CPU
		{FDC3F3C0-0CEA-4CAB-9104-5032C5EB6164}.Release|Any CPU.ActiveCfg = Release|Any CPU
		{FDC3F3C0-0CEA-4CAB-9104-5032C5EB6164}.Release|Any CPU.Build.0 = Release|Any CPU
	EndGlobalSection
	GlobalSection(SolutionProperties) = preSolution
		HideSolutionNode = FALSE
	EndGlobalSection
	GlobalSection(ExtensibilityGlobals) = postSolution
		SolutionGuid = {2F98FB72-7D25-41A8-BA26-4B3BBE4AD35C}
	EndGlobalSection
EndGlobal
