
Microsoft Visual Studio Solution File, Format Version 12.00
# Visual Studio Version 16
VisualStudioVersion = 16.0.30907.101
MinimumVisualStudioVersion = 10.0.40219.1
Project("{FAE04EC0-301F-11D3-BF4B-00C04F79EFBC}") = "Woordenboek", "Woordenboek\Woordenboek.csproj", "{183E1EF7-52A0-4188-9E7C-8DCD1DF6DB6F}"
EndProject
Global
	GlobalSection(SolutionConfigurationPlatforms) = preSolution
		Debug|Any CPU = Debug|Any CPU
		Release|Any CPU = Release|Any CPU
	EndGlobalSection
	GlobalSection(ProjectConfigurationPlatforms) = postSolution
		{183E1EF7-52A0-4188-9E7C-8DCD1DF6DB6F}.Debug|Any CPU.ActiveCfg = Debug|Any CPU
		{183E1EF7-52A0-4188-9E7C-8DCD1DF6DB6F}.Debug|Any CPU.Build.0 = Debug|Any CPU
		{183E1EF7-52A0-4188-9E7C-8DCD1DF6DB6F}.Release|Any CPU.ActiveCfg = Release|Any CPU
		{183E1EF7-52A0-4188-9E7C-8DCD1DF6DB6F}.Release|Any CPU.Build.0 = Release|Any CPU
	EndGlobalSection
	GlobalSection(SolutionProperties) = preSolution
		HideSolutionNode = FALSE
	EndGlobalSection
	GlobalSection(ExtensibilityGlobals) = postSolution
		SolutionGuid = {CAE19ED1-A7A6-4CC0-9B45-05B507D18D52}
	EndGlobalSection
EndGlobal
