
Microsoft Visual Studio Solution File, Format Version 12.00
# Visual Studio Version 16
VisualStudioVersion = 16.0.31129.286
MinimumVisualStudioVersion = 10.0.40219.1
Project("{FAE04EC0-301F-11D3-BF4B-00C04F79EFBC}") = "Taak 3", "Taak 3\Taak 3.csproj", "{54B04A53-07DD-4FC5-881F-B48E9C2575F2}"
EndProject
Global
	GlobalSection(SolutionConfigurationPlatforms) = preSolution
		Debug|Any CPU = Debug|Any CPU
		Release|Any CPU = Release|Any CPU
	EndGlobalSection
	GlobalSection(ProjectConfigurationPlatforms) = postSolution
		{54B04A53-07DD-4FC5-881F-B48E9C2575F2}.Debug|Any CPU.ActiveCfg = Debug|Any CPU
		{54B04A53-07DD-4FC5-881F-B48E9C2575F2}.Debug|Any CPU.Build.0 = Debug|Any CPU
		{54B04A53-07DD-4FC5-881F-B48E9C2575F2}.Release|Any CPU.ActiveCfg = Release|Any CPU
		{54B04A53-07DD-4FC5-881F-B48E9C2575F2}.Release|Any CPU.Build.0 = Release|Any CPU
	EndGlobalSection
	GlobalSection(SolutionProperties) = preSolution
		HideSolutionNode = FALSE
	EndGlobalSection
	GlobalSection(ExtensibilityGlobals) = postSolution
		SolutionGuid = {2E9E07EC-37AE-417F-BC56-3B7CEBBEB548}
	EndGlobalSection
EndGlobal
