
Microsoft Visual Studio Solution File, Format Version 12.00
# Visual Studio Version 16
VisualStudioVersion = 16.0.30907.101
MinimumVisualStudioVersion = 10.0.40219.1
Project("{FAE04EC0-301F-11D3-BF4B-00C04F79EFBC}") = "Oefening 33 Inschrijvingsgeld", "Oefening 33 Inschrijvingsgeld\Oefening 33 Inschrijvingsgeld.csproj", "{57DBB9DA-6259-4533-9F13-D50EF4A3B796}"
EndProject
Global
	GlobalSection(SolutionConfigurationPlatforms) = preSolution
		Debug|Any CPU = Debug|Any CPU
		Release|Any CPU = Release|Any CPU
	EndGlobalSection
	GlobalSection(ProjectConfigurationPlatforms) = postSolution
		{57DBB9DA-6259-4533-9F13-D50EF4A3B796}.Debug|Any CPU.ActiveCfg = Debug|Any CPU
		{57DBB9DA-6259-4533-9F13-D50EF4A3B796}.Debug|Any CPU.Build.0 = Debug|Any CPU
		{57DBB9DA-6259-4533-9F13-D50EF4A3B796}.Release|Any CPU.ActiveCfg = Release|Any CPU
		{57DBB9DA-6259-4533-9F13-D50EF4A3B796}.Release|Any CPU.Build.0 = Release|Any CPU
	EndGlobalSection
	GlobalSection(SolutionProperties) = preSolution
		HideSolutionNode = FALSE
	EndGlobalSection
	GlobalSection(ExtensibilityGlobals) = postSolution
		SolutionGuid = {48E61FA1-073E-49F3-B5FB-84FBF378D0BE}
	EndGlobalSection
EndGlobal
