
Microsoft Visual Studio Solution File, Format Version 12.00
# Visual Studio Version 16
VisualStudioVersion = 16.0.30523.141
MinimumVisualStudioVersion = 10.0.40219.1
Project("{FAE04EC0-301F-11D3-BF4B-00C04F79EFBC}") = "Oefening 8", "Oefening 8\Oefening 8.csproj", "{CFBD8994-7A75-418C-B1CA-55661B4F129E}"
EndProject
Global
	GlobalSection(SolutionConfigurationPlatforms) = preSolution
		Debug|Any CPU = Debug|Any CPU
		Release|Any CPU = Release|Any CPU
	EndGlobalSection
	GlobalSection(ProjectConfigurationPlatforms) = postSolution
		{CFBD8994-7A75-418C-B1CA-55661B4F129E}.Debug|Any CPU.ActiveCfg = Debug|Any CPU
		{CFBD8994-7A75-418C-B1CA-55661B4F129E}.Debug|Any CPU.Build.0 = Debug|Any CPU
		{CFBD8994-7A75-418C-B1CA-55661B4F129E}.Release|Any CPU.ActiveCfg = Release|Any CPU
		{CFBD8994-7A75-418C-B1CA-55661B4F129E}.Release|Any CPU.Build.0 = Release|Any CPU
	EndGlobalSection
	GlobalSection(SolutionProperties) = preSolution
		HideSolutionNode = FALSE
	EndGlobalSection
	GlobalSection(ExtensibilityGlobals) = postSolution
		SolutionGuid = {B0E4BE1D-357F-4FA3-ACAF-272DAA0E62F3}
	EndGlobalSection
EndGlobal
