
Microsoft Visual Studio Solution File, Format Version 12.00
# Visual Studio Version 16
VisualStudioVersion = 16.0.30717.126
MinimumVisualStudioVersion = 10.0.40219.1
Project("{FAE04EC0-301F-11D3-BF4B-00C04F79EFBC}") = "Oefening 3 console", "Oefening 3 console\Oefening 3 console.csproj", "{2D6C510C-79FB-4372-9804-ADB9E89190A6}"
EndProject
Global
	GlobalSection(SolutionConfigurationPlatforms) = preSolution
		Debug|Any CPU = Debug|Any CPU
		Release|Any CPU = Release|Any CPU
	EndGlobalSection
	GlobalSection(ProjectConfigurationPlatforms) = postSolution
		{2D6C510C-79FB-4372-9804-ADB9E89190A6}.Debug|Any CPU.ActiveCfg = Debug|Any CPU
		{2D6C510C-79FB-4372-9804-ADB9E89190A6}.Debug|Any CPU.Build.0 = Debug|Any CPU
		{2D6C510C-79FB-4372-9804-ADB9E89190A6}.Release|Any CPU.ActiveCfg = Release|Any CPU
		{2D6C510C-79FB-4372-9804-ADB9E89190A6}.Release|Any CPU.Build.0 = Release|Any CPU
	EndGlobalSection
	GlobalSection(SolutionProperties) = preSolution
		HideSolutionNode = FALSE
	EndGlobalSection
	GlobalSection(ExtensibilityGlobals) = postSolution
		SolutionGuid = {1F3960D3-DB34-4B61-B6B0-2876E675207B}
	EndGlobalSection
EndGlobal
