
Microsoft Visual Studio Solution File, Format Version 12.00
# Visual Studio Version 16
VisualStudioVersion = 16.0.30717.126
MinimumVisualStudioVersion = 10.0.40219.1
Project("{FAE04EC0-301F-11D3-BF4B-00C04F79EFBC}") = "Oefening 3", "Oefening 3\Oefening 3.csproj", "{D3330302-55EB-44E8-A1A0-3E6828E3AE42}"
EndProject
Global
	GlobalSection(SolutionConfigurationPlatforms) = preSolution
		Debug|Any CPU = Debug|Any CPU
		Release|Any CPU = Release|Any CPU
	EndGlobalSection
	GlobalSection(ProjectConfigurationPlatforms) = postSolution
		{D3330302-55EB-44E8-A1A0-3E6828E3AE42}.Debug|Any CPU.ActiveCfg = Debug|Any CPU
		{D3330302-55EB-44E8-A1A0-3E6828E3AE42}.Debug|Any CPU.Build.0 = Debug|Any CPU
		{D3330302-55EB-44E8-A1A0-3E6828E3AE42}.Release|Any CPU.ActiveCfg = Release|Any CPU
		{D3330302-55EB-44E8-A1A0-3E6828E3AE42}.Release|Any CPU.Build.0 = Release|Any CPU
	EndGlobalSection
	GlobalSection(SolutionProperties) = preSolution
		HideSolutionNode = FALSE
	EndGlobalSection
	GlobalSection(ExtensibilityGlobals) = postSolution
		SolutionGuid = {7DE6AE7A-D606-42B1-A5EB-20492A59C5AA}
	EndGlobalSection
EndGlobal
