
Microsoft Visual Studio Solution File, Format Version 12.00
# Visual Studio Version 16
VisualStudioVersion = 16.0.30907.101
MinimumVisualStudioVersion = 10.0.40219.1
Project("{FAE04EC0-301F-11D3-BF4B-00C04F79EFBC}") = "CenterParcs", "CenterParcs\CenterParcs.csproj", "{1A27D1A1-7021-46A0-A909-D2C8C18D6532}"
EndProject
Global
	GlobalSection(SolutionConfigurationPlatforms) = preSolution
		Debug|Any CPU = Debug|Any CPU
		Release|Any CPU = Release|Any CPU
	EndGlobalSection
	GlobalSection(ProjectConfigurationPlatforms) = postSolution
		{1A27D1A1-7021-46A0-A909-D2C8C18D6532}.Debug|Any CPU.ActiveCfg = Debug|Any CPU
		{1A27D1A1-7021-46A0-A909-D2C8C18D6532}.Debug|Any CPU.Build.0 = Debug|Any CPU
		{1A27D1A1-7021-46A0-A909-D2C8C18D6532}.Release|Any CPU.ActiveCfg = Release|Any CPU
		{1A27D1A1-7021-46A0-A909-D2C8C18D6532}.Release|Any CPU.Build.0 = Release|Any CPU
	EndGlobalSection
	GlobalSection(SolutionProperties) = preSolution
		HideSolutionNode = FALSE
	EndGlobalSection
	GlobalSection(ExtensibilityGlobals) = postSolution
		SolutionGuid = {FA49481F-8321-4919-81E6-43F18712EBB7}
	EndGlobalSection
EndGlobal
