
Microsoft Visual Studio Solution File, Format Version 12.00
# Visual Studio Version 16
VisualStudioVersion = 16.0.30523.141
MinimumVisualStudioVersion = 10.0.40219.1
Project("{FAE04EC0-301F-11D3-BF4B-00C04F79EFBC}") = "Oefening 7", "Oefening 7\Oefening 7.csproj", "{AE51DA28-AC69-4DCF-9594-4B0AD9E72307}"
EndProject
Global
	GlobalSection(SolutionConfigurationPlatforms) = preSolution
		Debug|Any CPU = Debug|Any CPU
		Release|Any CPU = Release|Any CPU
	EndGlobalSection
	GlobalSection(ProjectConfigurationPlatforms) = postSolution
		{AE51DA28-AC69-4DCF-9594-4B0AD9E72307}.Debug|Any CPU.ActiveCfg = Debug|Any CPU
		{AE51DA28-AC69-4DCF-9594-4B0AD9E72307}.Debug|Any CPU.Build.0 = Debug|Any CPU
		{AE51DA28-AC69-4DCF-9594-4B0AD9E72307}.Release|Any CPU.ActiveCfg = Release|Any CPU
		{AE51DA28-AC69-4DCF-9594-4B0AD9E72307}.Release|Any CPU.Build.0 = Release|Any CPU
	EndGlobalSection
	GlobalSection(SolutionProperties) = preSolution
		HideSolutionNode = FALSE
	EndGlobalSection
	GlobalSection(ExtensibilityGlobals) = postSolution
		SolutionGuid = {92B8BA8D-7087-4368-88BC-6F6DE566FA05}
	EndGlobalSection
EndGlobal
