
Microsoft Visual Studio Solution File, Format Version 12.00
# Visual Studio Version 16
VisualStudioVersion = 16.0.30517.126
MinimumVisualStudioVersion = 10.0.40219.1
Project("{FAE04EC0-301F-11D3-BF4B-00C04F79EFBC}") = "OefeningConsoleInput", "OefeningConsoleInput\OefeningConsoleInput.csproj", "{91D373C9-DA6F-4E1A-A6C7-649D8F88EDBB}"
EndProject
Global
	GlobalSection(SolutionConfigurationPlatforms) = preSolution
		Debug|Any CPU = Debug|Any CPU
		Release|Any CPU = Release|Any CPU
	EndGlobalSection
	GlobalSection(ProjectConfigurationPlatforms) = postSolution
		{91D373C9-DA6F-4E1A-A6C7-649D8F88EDBB}.Debug|Any CPU.ActiveCfg = Debug|Any CPU
		{91D373C9-DA6F-4E1A-A6C7-649D8F88EDBB}.Debug|Any CPU.Build.0 = Debug|Any CPU
		{91D373C9-DA6F-4E1A-A6C7-649D8F88EDBB}.Release|Any CPU.ActiveCfg = Release|Any CPU
		{91D373C9-DA6F-4E1A-A6C7-649D8F88EDBB}.Release|Any CPU.Build.0 = Release|Any CPU
	EndGlobalSection
	GlobalSection(SolutionProperties) = preSolution
		HideSolutionNode = FALSE
	EndGlobalSection
	GlobalSection(ExtensibilityGlobals) = postSolution
		SolutionGuid = {44C2B558-F1F0-41E7-A9D4-CC1B2E2A9BDD}
	EndGlobalSection
EndGlobal
