
Microsoft Visual Studio Solution File, Format Version 12.00
# Visual Studio Version 16
VisualStudioVersion = 16.0.30523.141
MinimumVisualStudioVersion = 10.0.40219.1
Project("{FAE04EC0-301F-11D3-BF4B-00C04F79EFBC}") = "Oefening 3", "Oefening 3\Oefening 3.csproj", "{085FE21E-DEF9-4755-A188-1EA88429EC01}"
EndProject
Global
	GlobalSection(SolutionConfigurationPlatforms) = preSolution
		Debug|Any CPU = Debug|Any CPU
		Release|Any CPU = Release|Any CPU
	EndGlobalSection
	GlobalSection(ProjectConfigurationPlatforms) = postSolution
		{085FE21E-DEF9-4755-A188-1EA88429EC01}.Debug|Any CPU.ActiveCfg = Debug|Any CPU
		{085FE21E-DEF9-4755-A188-1EA88429EC01}.Debug|Any CPU.Build.0 = Debug|Any CPU
		{085FE21E-DEF9-4755-A188-1EA88429EC01}.Release|Any CPU.ActiveCfg = Release|Any CPU
		{085FE21E-DEF9-4755-A188-1EA88429EC01}.Release|Any CPU.Build.0 = Release|Any CPU
	EndGlobalSection
	GlobalSection(SolutionProperties) = preSolution
		HideSolutionNode = FALSE
	EndGlobalSection
	GlobalSection(ExtensibilityGlobals) = postSolution
		SolutionGuid = {0C3EFA60-5E60-4740-BC1F-E30DB802C38A}
	EndGlobalSection
EndGlobal
