
Microsoft Visual Studio Solution File, Format Version 12.00
# Visual Studio Version 16
VisualStudioVersion = 16.0.30517.126
MinimumVisualStudioVersion = 10.0.40219.1
Project("{FAE04EC0-301F-11D3-BF4B-00C04F79EFBC}") = "WpfApp1", "WpfApp1\WpfApp1.csproj", "{7CAEB0FB-7FDD-468B-A43D-B1368D53D98F}"
EndProject
Global
	GlobalSection(SolutionConfigurationPlatforms) = preSolution
		Debug|Any CPU = Debug|Any CPU
		Release|Any CPU = Release|Any CPU
	EndGlobalSection
	GlobalSection(ProjectConfigurationPlatforms) = postSolution
		{7CAEB0FB-7FDD-468B-A43D-B1368D53D98F}.Debug|Any CPU.ActiveCfg = Debug|Any CPU
		{7CAEB0FB-7FDD-468B-A43D-B1368D53D98F}.Debug|Any CPU.Build.0 = Debug|Any CPU
		{7CAEB0FB-7FDD-468B-A43D-B1368D53D98F}.Release|Any CPU.ActiveCfg = Release|Any CPU
		{7CAEB0FB-7FDD-468B-A43D-B1368D53D98F}.Release|Any CPU.Build.0 = Release|Any CPU
	EndGlobalSection
	GlobalSection(SolutionProperties) = preSolution
		HideSolutionNode = FALSE
	EndGlobalSection
	GlobalSection(ExtensibilityGlobals) = postSolution
		SolutionGuid = {0A2628AC-E4E5-42F1-B7D4-5C5FDA523B41}
	EndGlobalSection
EndGlobal
