
Microsoft Visual Studio Solution File, Format Version 12.00
# Visual Studio Version 16
VisualStudioVersion = 16.0.30804.86
MinimumVisualStudioVersion = 10.0.40219.1
Project("{FAE04EC0-301F-11D3-BF4B-00C04F79EFBC}") = "yeet", "yeet\yeet.csproj", "{1FADD0D8-9C01-4C4A-A9E6-53CAE3618492}"
EndProject
Global
	GlobalSection(SolutionConfigurationPlatforms) = preSolution
		Debug|Any CPU = Debug|Any CPU
		Release|Any CPU = Release|Any CPU
	EndGlobalSection
	GlobalSection(ProjectConfigurationPlatforms) = postSolution
		{1FADD0D8-9C01-4C4A-A9E6-53CAE3618492}.Debug|Any CPU.ActiveCfg = Debug|Any CPU
		{1FADD0D8-9C01-4C4A-A9E6-53CAE3618492}.Debug|Any CPU.Build.0 = Debug|Any CPU
		{1FADD0D8-9C01-4C4A-A9E6-53CAE3618492}.Release|Any CPU.ActiveCfg = Release|Any CPU
		{1FADD0D8-9C01-4C4A-A9E6-53CAE3618492}.Release|Any CPU.Build.0 = Release|Any CPU
	EndGlobalSection
	GlobalSection(SolutionProperties) = preSolution
		HideSolutionNode = FALSE
	EndGlobalSection
	GlobalSection(ExtensibilityGlobals) = postSolution
		SolutionGuid = {982971A0-8A01-4E98-8728-478290D826D5}
	EndGlobalSection
EndGlobal
