
Microsoft Visual Studio Solution File, Format Version 12.00
# Visual Studio Version 16
VisualStudioVersion = 16.0.30517.126
MinimumVisualStudioVersion = 10.0.40219.1
Project("{FAE04EC0-301F-11D3-BF4B-00C04F79EFBC}") = "WpfApp1", "WpfApp1\WpfApp1.csproj", "{FE2A7217-E9EC-43A6-B157-4047F3473F8F}"
EndProject
Global
	GlobalSection(SolutionConfigurationPlatforms) = preSolution
		Debug|Any CPU = Debug|Any CPU
		Release|Any CPU = Release|Any CPU
	EndGlobalSection
	GlobalSection(ProjectConfigurationPlatforms) = postSolution
		{FE2A7217-E9EC-43A6-B157-4047F3473F8F}.Debug|Any CPU.ActiveCfg = Debug|Any CPU
		{FE2A7217-E9EC-43A6-B157-4047F3473F8F}.Debug|Any CPU.Build.0 = Debug|Any CPU
		{FE2A7217-E9EC-43A6-B157-4047F3473F8F}.Release|Any CPU.ActiveCfg = Release|Any CPU
		{FE2A7217-E9EC-43A6-B157-4047F3473F8F}.Release|Any CPU.Build.0 = Release|Any CPU
	EndGlobalSection
	GlobalSection(SolutionProperties) = preSolution
		HideSolutionNode = FALSE
	EndGlobalSection
	GlobalSection(ExtensibilityGlobals) = postSolution
		SolutionGuid = {2CF31F8F-FD8E-4CB5-812A-9688E51FB98A}
	EndGlobalSection
EndGlobal
