
Microsoft Visual Studio Solution File, Format Version 12.00
# Visual Studio Version 16
VisualStudioVersion = 16.0.30611.23
MinimumVisualStudioVersion = 10.0.40219.1
Project("{FAE04EC0-301F-11D3-BF4B-00C04F79EFBC}") = "WpfLayouts2", "WpfLayouts2\WpfLayouts2.csproj", "{28639E56-9388-453B-A058-04C912BF776E}"
EndProject
Global
	GlobalSection(SolutionConfigurationPlatforms) = preSolution
		Debug|Any CPU = Debug|Any CPU
		Release|Any CPU = Release|Any CPU
	EndGlobalSection
	GlobalSection(ProjectConfigurationPlatforms) = postSolution
		{28639E56-9388-453B-A058-04C912BF776E}.Debug|Any CPU.ActiveCfg = Debug|Any CPU
		{28639E56-9388-453B-A058-04C912BF776E}.Debug|Any CPU.Build.0 = Debug|Any CPU
		{28639E56-9388-453B-A058-04C912BF776E}.Release|Any CPU.ActiveCfg = Release|Any CPU
		{28639E56-9388-453B-A058-04C912BF776E}.Release|Any CPU.Build.0 = Release|Any CPU
	EndGlobalSection
	GlobalSection(SolutionProperties) = preSolution
		HideSolutionNode = FALSE
	EndGlobalSection
	GlobalSection(ExtensibilityGlobals) = postSolution
		SolutionGuid = {2B2C53D2-1C80-409E-8E8F-898000A88819}
	EndGlobalSection
EndGlobal
