
Microsoft Visual Studio Solution File, Format Version 12.00
# Visual Studio Version 16
VisualStudioVersion = 16.0.31105.61
MinimumVisualStudioVersion = 10.0.40219.1
Project("{FAE04EC0-301F-11D3-BF4B-00C04F79EFBC}") = "CSVClasses", "CSVClasses\CSVClasses.csproj", "{5A4F658C-CF03-41D3-AE76-2FC52EFCB1D4}"
EndProject
Global
	GlobalSection(SolutionConfigurationPlatforms) = preSolution
		Debug|Any CPU = Debug|Any CPU
		Release|Any CPU = Release|Any CPU
	EndGlobalSection
	GlobalSection(ProjectConfigurationPlatforms) = postSolution
		{5A4F658C-CF03-41D3-AE76-2FC52EFCB1D4}.Debug|Any CPU.ActiveCfg = Debug|Any CPU
		{5A4F658C-CF03-41D3-AE76-2FC52EFCB1D4}.Debug|Any CPU.Build.0 = Debug|Any CPU
		{5A4F658C-CF03-41D3-AE76-2FC52EFCB1D4}.Release|Any CPU.ActiveCfg = Release|Any CPU
		{5A4F658C-CF03-41D3-AE76-2FC52EFCB1D4}.Release|Any CPU.Build.0 = Release|Any CPU
	EndGlobalSection
	GlobalSection(SolutionProperties) = preSolution
		HideSolutionNode = FALSE
	EndGlobalSection
	GlobalSection(ExtensibilityGlobals) = postSolution
		SolutionGuid = {1DD82C44-6129-44D9-8854-A24465FCC273}
	EndGlobalSection
EndGlobal
