
Microsoft Visual Studio Solution File, Format Version 12.00
# Visual Studio Version 16
VisualStudioVersion = 16.0.30621.155
MinimumVisualStudioVersion = 10.0.40219.1
Project("{FAE04EC0-301F-11D3-BF4B-00C04F79EFBC}") = "Layouts", "Layouts\Layouts.csproj", "{20F70B2C-014A-4E13-81D5-79D12B21192D}"
EndProject
Global
	GlobalSection(SolutionConfigurationPlatforms) = preSolution
		Debug|Any CPU = Debug|Any CPU
		Release|Any CPU = Release|Any CPU
	EndGlobalSection
	GlobalSection(ProjectConfigurationPlatforms) = postSolution
		{20F70B2C-014A-4E13-81D5-79D12B21192D}.Debug|Any CPU.ActiveCfg = Debug|Any CPU
		{20F70B2C-014A-4E13-81D5-79D12B21192D}.Debug|Any CPU.Build.0 = Debug|Any CPU
		{20F70B2C-014A-4E13-81D5-79D12B21192D}.Release|Any CPU.ActiveCfg = Release|Any CPU
		{20F70B2C-014A-4E13-81D5-79D12B21192D}.Release|Any CPU.Build.0 = Release|Any CPU
	EndGlobalSection
	GlobalSection(SolutionProperties) = preSolution
		HideSolutionNode = FALSE
	EndGlobalSection
	GlobalSection(ExtensibilityGlobals) = postSolution
		SolutionGuid = {C94A4BB6-1018-4F58-B58D-3FED0F9A50DE}
	EndGlobalSection
EndGlobal
